# This file is automatically @generated by Cargo.
# It is not intended for manual editing.
version = 4

[[package]]
name = "accesskit"
version = "0.24.1"
source = "registry+https://github.com/rust-lang/crates.io-index"
checksum = "d3b7f7f85a7e5f68090000ed7622545829afd484d210358702ae4cb97dd0c320"
dependencies = [
 "uuid",
]

[[package]]
name = "accesskit_consumer"
version = "0.36.0"
source = "registry+https://github.com/rust-lang/crates.io-index"
checksum = "25e0d7e25d06f4dc21d1774d67146e9e80d6789216cbd4d1e88185b0095dba60"
dependencies = [
 "accesskit",
 "hashbrown",
]

[[package]]
name = "foldhash"
version = "0.2.0"
source = "registry+https://github.com/rust-lang/crates.io-index"
checksum = "77ce24cb58228fbb8aa041425bb1050850ac19177686ea6e0f41a70416f56fdb"

[[package]]
name = "hashbrown"
version = "0.16.1"
source = "registry+https://github.com/rust-lang/crates.io-index"
checksum = "841d1cc9bed7f9236f321df977030373f4a4163ae1a7dbfe1a51a2c1a51d9100"
dependencies = [
 "foldhash",
]

[[package]]
name = "tachyon-a11y-publication-tests"
version = "0.1.0"
dependencies = [
 "accesskit",
 "accesskit_consumer",
 "rustc-hash",
]

[[package]]
name = "rustc-hash"
version = "2.1.3"
source = "registry+https://github.com/rust-lang/crates.io-index"
checksum = "6b1e7f9a428571be2dc5bc0505c13fb6bf936822b894ec87abf8a08a4e51742d"

[[package]]
name = "uuid"
version = "1.26.1"
source = "registry+https://github.com/rust-lang/crates.io-index"
checksum = "2ef6dac1e96601b4fb3acccccff2139741fcb757cb9a36089bf5be91cfb285ce"
